
Microsoft Visual Studio Solution File, Format Version 12.00
# Visual Studio Version 17
VisualStudioVersion = 17.14.36109.1 d17.14
MinimumVisualStudioVersion = 10.0.40219.1
Project("{8BC9CEB8-8B4A-11D0-8D11-00A0C91BC942}") = "21_practice_generate_key", "21_practice_generate_key\21_practice_generate_key.vcxproj", "{8490ADD8-37B8-45D3-878B-48C140182B16}"
EndProject
Global
	GlobalSection(SolutionConfigurationPlatforms) = preSolution
		Debug|x64 = Debug|x64
		Debug|x86 = Debug|x86
		Release|x64 = Release|x64
		Release|x86 = Release|x86
	EndGlobalSection
	GlobalSection(ProjectConfigurationPlatforms) = postSolution
		{8490ADD8-37B8-45D3-878B-48C140182B16}.Debug|x64.ActiveCfg = Debug|x64
		{8490ADD8-37B8-45D3-878B-48C140182B16}.Debug|x64.Build.0 = Debug|x64
		{8490ADD8-37B8-45D3-878B-48C140182B16}.Debug|x86.ActiveCfg = Debug|Win32
		{8490ADD8-37B8-45D3-878B-48C140182B16}.Debug|x86.Build.0 = Debug|Win32
		{8490ADD8-37B8-45D3-878B-48C140182B16}.Release|x64.ActiveCfg = Release|x64
		{8490ADD8-37B8-45D3-878B-48C140182B16}.Release|x64.Build.0 = Release|x64
		{8490ADD8-37B8-45D3-878B-48C140182B16}.Release|x86.ActiveCfg = Release|Win32
		{8490ADD8-37B8-45D3-878B-48C140182B16}.Release|x86.Build.0 = Release|Win32
	EndGlobalSection
	GlobalSection(SolutionProperties) = preSolution
		HideSolutionNode = FALSE
	EndGlobalSection
	GlobalSection(ExtensibilityGlobals) = postSolution
		SolutionGuid = {955C4928-A9DA-4A0D-B8E8-A993CB4D3FEA}
	EndGlobalSection
EndGlobal
