
Microsoft Visual Studio Solution File, Format Version 12.00
# Visual Studio Version 17
VisualStudioVersion = 17.14.36109.1 d17.14
MinimumVisualStudioVersion = 10.0.40219.1
Project("{8BC9CEB8-8B4A-11D0-8D11-00A0C91BC942}") = "26_pracice_sum_of_random_array", "26_pracice_sum_of_random_array\26_pracice_sum_of_random_array.vcxproj", "{EB728128-A160-4B97-B848-56F27576F624}"
EndProject
Global
	GlobalSection(SolutionConfigurationPlatforms) = preSolution
		Debug|x64 = Debug|x64
		Debug|x86 = Debug|x86
		Release|x64 = Release|x64
		Release|x86 = Release|x86
	EndGlobalSection
	GlobalSection(ProjectConfigurationPlatforms) = postSolution
		{EB728128-A160-4B97-B848-56F27576F624}.Debug|x64.ActiveCfg = Debug|x64
		{EB728128-A160-4B97-B848-56F27576F624}.Debug|x64.Build.0 = Debug|x64
		{EB728128-A160-4B97-B848-56F27576F624}.Debug|x86.ActiveCfg = Debug|Win32
		{EB728128-A160-4B97-B848-56F27576F624}.Debug|x86.Build.0 = Debug|Win32
		{EB728128-A160-4B97-B848-56F27576F624}.Release|x64.ActiveCfg = Release|x64
		{EB728128-A160-4B97-B848-56F27576F624}.Release|x64.Build.0 = Release|x64
		{EB728128-A160-4B97-B848-56F27576F624}.Release|x86.ActiveCfg = Release|Win32
		{EB728128-A160-4B97-B848-56F27576F624}.Release|x86.Build.0 = Release|Win32
	EndGlobalSection
	GlobalSection(SolutionProperties) = preSolution
		HideSolutionNode = FALSE
	EndGlobalSection
	GlobalSection(ExtensibilityGlobals) = postSolution
		SolutionGuid = {905161ED-98C9-4A1F-B0FA-70621921816E}
	EndGlobalSection
EndGlobal
